Microsoft Visual Studio Solution File, Format Version 12.00
# Visual Studio Version 17
VisualStudioVersion = 17.5.2.0
MinimumVisualStudioVersion = 10.0.40219.1
Project("{FAE04EC0-301F-11D3-BF4B-00C04F79EFBC}") = "DroneLink", "DroneLink\DroneLink.csproj", "{914A00E0-68EF-DB6D-A5AE-25D41CF2698F}"
EndProject
Global
	GlobalSection(SolutionConfigurationPlatforms) = preSolution
		Debug|Any CPU = Debug|Any CPU
		Release|Any CPU = Release|Any CPU
	EndGlobalSection
	GlobalSection(ProjectConfigurationPlatforms) = postSolution
		{914A00E0-68EF-DB6D-A5AE-25D41CF2698F}.Debug|Any CPU.ActiveCfg = Debug|Any CPU
		{914A00E0-68EF-DB6D-A5AE-25D41CF2698F}.Debug|Any CPU.Build.0 = Debug|Any CPU
		{914A00E0-68EF-DB6D-A5AE-25D41CF2698F}.Release|Any CPU.ActiveCfg = Release|Any CPU
		{914A00E0-68EF-DB6D-A5AE-25D41CF2698F}.Release|Any CPU.Build.0 = Release|Any CPU
	EndGlobalSection
	GlobalSection(SolutionProperties) = preSolution
		HideSolutionNode = FALSE
	EndGlobalSection
	GlobalSection(ExtensibilityGlobals) = postSolution
		SolutionGuid = {458832AB-D971-47D9-AE43-144B6D7D947A}
	EndGlobalSection
EndGlobal
